// !$*UTF8*$!
{
	archiveVersion = 1;
	classes = {
	};
	objectVersion = 55;
	objects = {

/* Begin PBXBuildFile section */
		42FBB9AF30FBC0DF24AA74C8 /* Pods_AvitoTraineeTask.framework in Frameworks */ = {isa = PBXBuildFile; fileRef = 82DD2D249AEE319BCAF740F4 /* Pods_AvitoTraineeTask.framework */; };
		A81700D228C885A2008C7FD1 /* AppDelegate.swift in Sources */ = {isa = PBXBuildFile; fileRef = A81700D128C885A2008C7FD1 /* AppDelegate.swift */; };
		A81700D628C885A2008C7FD1 /* ViewController.swift in Sources */ = {isa = PBXBuildFile; fileRef = A81700D528C885A2008C7FD1 /* ViewController.swift */; };
		A81700DB28C885A5008C7FD1 /* Assets.xcassets in Resources */ = {isa = PBXBuildFile; fileRef = A81700DA28C885A5008C7FD1 /* Assets.xcassets */; };
		A81700DE28C885A5008C7FD1 /* LaunchScreen.storyboard in Resources */ = {isa = PBXBuildFile; fileRef = A81700DC28C885A5008C7FD1 /* LaunchScreen.storyboard */; };
		A81700E628C8898F008C7FD1 /* EmployeesListData.swift in Sources */ = {isa = PBXBuildFile; fileRef = A81700E528C8898F008C7FD1 /* EmployeesListData.swift */; };
		A81700E828C8A41F008C7FD1 /* EmployeesListViewController.swift in Sources */ = {isa = PBXBuildFile; fileRef = A81700E728C8A41F008C7FD1 /* EmployeesListViewController.swift */; };
		A81700ED28C8ABB2008C7FD1 /* EmployeesListManager.swift in Sources */ = {isa = PBXBuildFile; fileRef = A81700EC28C8ABB2008C7FD1 /* EmployeesListManager.swift */; };
		A8C73CE328CB670D007D7162 /* EmployeesListTableViewCell.swift in Sources */ = {isa = PBXBuildFile; fileRef = A8C73CE128CB670D007D7162 /* EmployeesListTableViewCell.swift */; };
		A8C73D2A28DCA452007D7162 /* Data.swift in Sources */ = {isa = PBXBuildFile; fileRef = A8C73D2928DCA452007D7162 /* Data.swift */; };
/* End PBXBuildFile section */

/* Begin PBXFileReference section */
		4FD355D5373D4578240EF96F /* Pods-AvitoTraineeTask.release.xcconfig */ = {isa = PBXFileReference; includeInIndex = 1; lastKnownFileType = text.xcconfig; name = "Pods-AvitoTraineeTask.release.xcconfig"; path = "Target Support Files/Pods-AvitoTraineeTask/Pods-AvitoTraineeTask.release.xcconfig"; sourceTree = "<group>"; };
		82DD2D249AEE319BCAF740F4 /* Pods_AvitoTraineeTask.framework */ = {isa = PBXFileReference; explicitFileType = wrapper.framework; includeInIndex = 0; path = Pods_AvitoTraineeTask.framework; sourceTree = BUILT_PRODUCTS_DIR; };
		A81700CE28C885A2008C7FD1 /* AvitoTraineeTask.app */ = {isa = PBXFileReference; explicitFileType = wrapper.application; includeInIndex = 0; path = AvitoTraineeTask.app; sourceTree = BUILT_PRODUCTS_DIR; };
		A81700D128C885A2008C7FD1 /* AppDelegate.swift */ = {isa = PBXFileReference; lastKnownFileType = sourcecode.swift; path = AppDelegate.swift; sourceTree = "<group>"; };
		A81700D528C885A2008C7FD1 /* ViewController.swift */ = {isa = PBXFileReference; lastKnownFileType = sourcecode.swift; path = ViewController.swift; sourceTree = "<group>"; };
		A81700DA28C885A5008C7FD1 /* Assets.xcassets */ = {isa = PBXFileReference; lastKnownFileType = folder.assetcatalog; path = Assets.xcassets; sourceTree = "<group>"; };
		A81700DD28C885A5008C7FD1 /* Base */ = {isa = PBXFileReference; lastKnownFileType = file.storyboard; name = Base; path = Base.lproj/LaunchScreen.storyboard; sourceTree = "<group>"; };
		A81700DF28C885A5008C7FD1 /* Info.plist */ = {isa = PBXFileReference; lastKnownFileType = text.plist.xml; path = Info.plist; sourceTree = "<group>"; };
		A81700E528C8898F008C7FD1 /* EmployeesListData.swift */ = {isa = PBXFileReference; lastKnownFileType = sourcecode.swift; path = EmployeesListData.swift; sourceTree = "<group>"; };
		A81700E728C8A41F008C7FD1 /* EmployeesListViewController.swift */ = {isa = PBXFileReference; lastKnownFileType = sourcecode.swift; path = EmployeesListViewController.swift; sourceTree = "<group>"; };
		A81700EC28C8ABB2008C7FD1 /* EmployeesListManager.swift */ = {isa = PBXFileReference; lastKnownFileType = sourcecode.swift; path = EmployeesListManager.swift; sourceTree = "<group>"; };
		A8C73CE128CB670D007D7162 /* EmployeesListTableViewCell.swift */ = {isa = PBXFileReference; lastKnownFileType = sourcecode.swift; path = EmployeesListTableViewCell.swift; sourceTree = "<group>"; };
		A8C73D2928DCA452007D7162 /* Data.swift */ = {isa = PBXFileReference; lastKnownFileType = sourcecode.swift; path = Data.swift; sourceTree = "<group>"; };
		CF1433C05808CCA0B206460A /* Pods-AvitoTraineeTask.debug.xcconfig */ = {isa = PBXFileReference; includeInIndex = 1; lastKnownFileType = text.xcconfig; name = "Pods-AvitoTraineeTask.debug.xcconfig"; path = "Target Support Files/Pods-AvitoTraineeTask/Pods-AvitoTraineeTask.debug.xcconfig"; sourceTree = "<group>"; };
/* End PBXFileReference section */

/* Begin PBXFrameworksBuildPhase section */
		A81700CB28C885A2008C7FD1 /* Frameworks */ = {
			isa = PBXFrameworksBuildPhase;
			buildActionMask = 2147483647;
			files = (
				42FBB9AF30FBC0DF24AA74C8 /* Pods_AvitoTraineeTask.framework in Frameworks */,
			);
			runOnlyForDeploymentPostprocessing = 0;
		};
/* End PBXFrameworksBuildPhase section */

/* Begin PBXGroup section */
		4BBCA96352BA9F7ECA72BE55 /* Frameworks */ = {
			isa = PBXGroup;
			children = (
				82DD2D249AEE319BCAF740F4 /* Pods_AvitoTraineeTask.framework */,
			);
			name = Frameworks;
			sourceTree = "<group>";
		};
		A81700C528C885A2008C7FD1 = {
			isa = PBXGroup;
			children = (
				A81700D028C885A2008C7FD1 /* AvitoTraineeTask */,
				A81700CF28C885A2008C7FD1 /* Products */,
				D609975EAFF5D30C82436C4E /* Pods */,
				4BBCA96352BA9F7ECA72BE55 /* Frameworks */,
			);
			sourceTree = "<group>";
		};
		A81700CF28C885A2008C7FD1 /* Products */ = {
			isa = PBXGroup;
			children = (
				A81700CE28C885A2008C7FD1 /* AvitoTraineeTask.app */,
			);
			name = Products;
			sourceTree = "<group>";
		};
		A81700D028C885A2008C7FD1 /* AvitoTraineeTask */ = {
			isa = PBXGroup;
			children = (
				A81700E928C8A4EC008C7FD1 /* Model */,
				A81700D128C885A2008C7FD1 /* AppDelegate.swift */,
				A81700E728C8A41F008C7FD1 /* EmployeesListViewController.swift */,
				A81700DA28C885A5008C7FD1 /* Assets.xcassets */,
				A81700DC28C885A5008C7FD1 /* LaunchScreen.storyboard */,
				A81700DF28C885A5008C7FD1 /* Info.plist */,
				A81700D528C885A2008C7FD1 /* ViewController.swift */,
			);
			path = AvitoTraineeTask;
			sourceTree = "<group>";
		};
		A81700E928C8A4EC008C7FD1 /* Model */ = {
			isa = PBXGroup;
			children = (
				A81700E528C8898F008C7FD1 /* EmployeesListData.swift */,
				A81700EC28C8ABB2008C7FD1 /* EmployeesListManager.swift */,
				A8C73CE128CB670D007D7162 /* EmployeesListTableViewCell.swift */,
				A8C73D2928DCA452007D7162 /* Data.swift */,
			);
			path = Model;
			sourceTree = "<group>";
		};
		D609975EAFF5D30C82436C4E /* Pods */ = {
			isa = PBXGroup;
			children = (
				CF1433C05808CCA0B206460A /* Pods-AvitoTraineeTask.debug.xcconfig */,
				4FD355D5373D4578240EF96F /* Pods-AvitoTraineeTask.release.xcconfig */,
			);
			path = Pods;
			sourceTree = "<group>";
		};
/* End PBXGroup section */

/* Begin PBXNativeTarget section */
		A81700CD28C885A2008C7FD1 /* AvitoTraineeTask */ = {
			isa = PBXNativeTarget;
			buildConfigurationList = A81700E228C885A5008C7FD1 /* Build configuration list for PBXNativeTarget "AvitoTraineeTask" */;
			buildPhases = (
				70C4F22EA7F800A4B7B6EEF8 /* [CP] Check Pods Manifest.lock */,
				A81700CA28C885A2008C7FD1 /* Sources */,
				A81700CB28C885A2008C7FD1 /* Frameworks */,
				A81700CC28C885A2008C7FD1 /* Resources */,
				A773251F3C9381FAAE778B2E /* [CP] Embed Pods Frameworks */,
			);
			buildRules = (
			);
			dependencies = (
			);
			name = AvitoTraineeTask;
			productName = AvitoTraineeTask;
			productReference = A81700CE28C885A2008C7FD1 /* AvitoTraineeTask.app */;
			productType = "com.apple.product-type.application";
		};
/* End PBXNativeTarget section */

/* Begin PBXProject section */
		A81700C628C885A2008C7FD1 /* Project object */ = {
			isa = PBXProject;
			attributes = {
				BuildIndependentTargetsInParallel = 1;
				LastSwiftUpdateCheck = 1340;
				LastUpgradeCheck = 1340;
				TargetAttributes = {
					A81700CD28C885A2008C7FD1 = {
						CreatedOnToolsVersion = 13.4.1;
					};
				};
			};
			buildConfigurationList = A81700C928C885A2008C7FD1 /* Build configuration list for PBXProject "AvitoTraineeTask" */;
			compatibilityVersion = "Xcode 13.0";
			developmentRegion = en;
			hasScannedForEncodings = 0;
			knownRegions = (
				en,
				Base,
			);
			mainGroup = A81700C528C885A2008C7FD1;
			productRefGroup = A81700CF28C885A2008C7FD1 /* Products */;
			projectDirPath = "";
			projectRoot = "";
			targets = (
				A81700CD28C885A2008C7FD1 /* AvitoTraineeTask */,
			);
		};
/* End PBXProject section */

/* Begin PBXResourcesBuildPhase section */
		A81700CC28C885A2008C7FD1 /* Resources */ = {
			isa = PBXResourcesBuildPhase;
			buildActionMask = 2147483647;
			files = (
				A81700DE28C885A5008C7FD1 /* LaunchScreen.storyboard in Resources */,
				A81700DB28C885A5008C7FD1 /* Assets.xcassets in Resources */,
			);
			runOnlyForDeploymentPostprocessing = 0;
		};
/* End PBXResourcesBuildPhase section */

/* Begin PBXShellScriptBuildPhase section */
		70C4F22EA7F800A4B7B6EEF8 /* [CP] Check Pods Manifest.lock */ = {
			isa = PBXShellScriptBuildPhase;
			buildActionMask = 2147483647;
			files = (
			);
			inputFileListPaths = (
			);
			inputPaths = (
				"${PODS_PODFILE_DIR_PATH}/Podfile.lock",
				"${PODS_ROOT}/Manifest.lock",
			);
			name = "[CP] Check Pods Manifest.lock";
			outputFileListPaths = (
			);
			outputPaths = (
				"$(DERIVED_FILE_DIR)/Pods-AvitoTraineeTask-checkManifestLockResult.txt",
			);
			runOnlyForDeploymentPostprocessing = 0;
			shellPath = /bin/sh;
			shellScript = "diff \"${PODS_PODFILE_DIR_PATH}/Podfile.lock\" \"${PODS_ROOT}/Manifest.lock\" > /dev/null\nif [ $? != 0 ] ; then\n    # print error to STDERR\n    echo \"error: The sandbox is not in sync with the Podfile.lock. Run 'pod install' or update your CocoaPods installation.\" >&2\n    exit 1\nfi\n# This output is used by Xcode 'outputs' to avoid re-running this script phase.\necho \"SUCCESS\" > \"${SCRIPT_OUTPUT_FILE_0}\"\n";
			showEnvVarsInLog = 0;
		};
		A773251F3C9381FAAE778B2E /* [CP] Embed Pods Frameworks */ = {
			isa = PBXShellScriptBuildPhase;
			buildActionMask = 2147483647;
			files = (
			);
			inputFileListPaths = (
				"${PODS_ROOT}/Target Support Files/Pods-AvitoTraineeTask/Pods-AvitoTraineeTask-frameworks-${CONFIGURATION}-input-files.xcfilelist",
			);
			name = "[CP] Embed Pods Frameworks";
			outputFileListPaths = (
				"${PODS_ROOT}/Target Support Files/Pods-AvitoTraineeTask/Pods-AvitoTraineeTask-frameworks-${CONFIGURATION}-output-files.xcfilelist",
			);
			runOnlyForDeploymentPostprocessing = 0;
			shellPath = /bin/sh;
			shellScript = "\"${PODS_ROOT}/Target Support Files/Pods-AvitoTraineeTask/Pods-AvitoTraineeTask-frameworks.sh\"\n";
			showEnvVarsInLog = 0;
		};
/* End PBXShellScriptBuildPhase section */

/* Begin PBXSourcesBuildPhase section */
		A81700CA28C885A2008C7FD1 /* Sources */ = {
			isa = PBXSourcesBuildPhase;
			buildActionMask = 2147483647;
			files = (
				A8C73D2A28DCA452007D7162 /* Data.swift in Sources */,
				A81700E628C8898F008C7FD1 /* EmployeesListData.swift in Sources */,
				A81700D628C885A2008C7FD1 /* ViewController.swift in Sources */,
				A81700ED28C8ABB2008C7FD1 /* EmployeesListManager.swift in Sources */,
				A8C73CE328CB670D007D7162 /* EmployeesListTableViewCell.swift in Sources */,
				A81700E828C8A41F008C7FD1 /* EmployeesListViewController.swift in Sources */,
				A81700D228C885A2008C7FD1 /* AppDelegate.swift in Sources */,
			);
			runOnlyForDeploymentPostprocessing = 0;
		};
/* End PBXSourcesBuildPhase section */

/* Begin PBXVariantGroup section */
		A81700DC28C885A5008C7FD1 /* LaunchScreen.storyboard */ = {
			isa = PBXVariantGroup;
			children = (
				A81700DD28C885A5008C7FD1 /* Base */,
			);
			name = LaunchScreen.storyboard;
			sourceTree = "<group>";
		};
/* End PBXVariantGroup section */

/* Begin XCBuildConfiguration section */
		A81700E028C885A5008C7FD1 /* Debug */ = {
			isa = XCBuildConfiguration;
			buildSettings = {
				ALWAYS_SEARCH_USER_PATHS = NO;
				CLANG_ANALYZER_NONNULL = YES;
				CLANG_ANALYZER_NUMBER_OBJECT_CONVERSION = YES_AGGRESSIVE;
				CLANG_CXX_LANGUAGE_STANDARD = "gnu++17";
				CLANG_ENABLE_MODULES = YES;
				CLANG_ENABLE_OBJC_ARC = YES;
				CLANG_ENABLE_OBJC_WEAK = YES;
				CLANG_WARN_BLOCK_CAPTURE_AUTORELEASING = YES;
				CLANG_WARN_BOOL_CONVERSION = YES;
				CLANG_WARN_COMMA = YES;
				CLANG_WARN_CONSTANT_CONVERSION = YES;
				CLANG_WARN_DEPRECATED_OBJC_IMPLEMENTATIONS = YES;
				CLANG_WARN_DIRECT_OBJC_ISA_USAGE = YES_ERROR;
				CLANG_WARN_DOCUMENTATION_COMMENTS = YES;
				CLANG_WARN_EMPTY_BODY = YES;
				CLANG_WARN_ENUM_CONVERSION = YES;
				CLANG_WARN_INFINITE_RECURSION = YES;
				CLANG_WARN_INT_CONVERSION = YES;
				CLANG_WARN_NON_LITERAL_NULL_CONVERSION = YES;
				CLANG_WARN_OBJC_IMPLICIT_RETAIN_SELF = YES;
				CLANG_WARN_OBJC_LITERAL_CONVERSION = YES;
				CLANG_WARN_OBJC_ROOT_CLASS = YES_ERROR;
				CLANG_WARN_QUOTED_INCLUDE_IN_FRAMEWORK_HEADER = YES;
				CLANG_WARN_RANGE_LOOP_ANALYSIS = YES;
				CLANG_WARN_STRICT_PROTOTYPES = YES;
				CLANG_WARN_SUSPICIOUS_MOVE = YES;
				CLANG_WARN_UNGUARDED_AVAILABILITY = YES_AGGRESSIVE;
				CLANG_WARN_UNREACHABLE_CODE = YES;
				CLANG_WARN__DUPLICATE_METHOD_MATCH = YES;
				COPY_PHASE_STRIP = NO;
				DEBUG_INFORMATION_FORMAT = dwarf;
				ENABLE_STRICT_OBJC_MSGSEND = YES;
				ENABLE_TESTABILITY = YES;
				GCC_C_LANGUAGE_STANDARD = gnu11;
				GCC_DYNAMIC_NO_PIC = NO;
				GCC_NO_COMMON_BLOCKS = YES;
				GCC_OPTIMIZATION_LEVEL = 0;
				GCC_PREPROCESSOR_DEFINITIONS = (
					"DEBUG=1",
					"$(inherited)",
				);
				GCC_WARN_64_TO_32_BIT_CONVERSION = YES;
				GCC_WARN_ABOUT_RETURN_TYPE = YES_ERROR;
				GCC_WARN_UNDECLARED_SELECTOR = YES;
				GCC_WARN_UNINITIALIZED_AUTOS = YES_AGGRESSIVE;
				GCC_WARN_UNUSED_FUNCTION = YES;
				GCC_WARN_UNUSED_VARIABLE = YES;
				IPHONEOS_DEPLOYMENT_TARGET = 15.5;
				MTL_ENABLE_DEBUG_INFO = INCLUDE_SOURCE;
				MTL_FAST_MATH = YES;
				ONLY_ACTIVE_ARCH = YES;
				SDKROOT = iphoneos;
				SWIFT_ACTIVE_COMPILATION_CONDITIONS = DEBUG;
				SWIFT_OPTIMIZATION_LEVEL = "-Onone";
			};
			name = Debug;
		};
		A81700E128C885A5008C7FD1 /* Release */ = {
			isa = XCBuildConfiguration;
			buildSettings = {
				ALWAYS_SEARCH_USER_PATHS = NO;
				CLANG_ANALYZER_NONNULL = YES;
				CLANG_ANALYZER_NUMBER_OBJECT_CONVERSION = YES_AGGRESSIVE;
				CLANG_CXX_LANGUAGE_STANDARD = "gnu++17";
				CLANG_ENABLE_MODULES = YES;
				CLANG_ENABLE_OBJC_ARC = YES;
				CLANG_ENABLE_OBJC_WEAK = YES;
				CLANG_WARN_BLOCK_CAPTURE_AUTORELEASING = YES;
				CLANG_WARN_BOOL_CONVERSION = YES;
				CLANG_WARN_COMMA = YES;
				CLANG_WARN_CONSTANT_CONVERSION = YES;
				CLANG_WARN_DEPRECATED_OBJC_IMPLEMENTATIONS = YES;
				CLANG_WARN_DIRECT_OBJC_ISA_USAGE = YES_ERROR;
				CLANG_WARN_DOCUMENTATION_COMMENTS = YES;
				CLANG_WARN_EMPTY_BODY = YES;
				CLANG_WARN_ENUM_CONVERSION = YES;
				CLANG_WARN_INFINITE_RECURSION = YES;
				CLANG_WARN_INT_CONVERSION = YES;
				CLANG_WARN_NON_LITERAL_NULL_CONVERSION = YES;
				CLANG_WARN_OBJC_IMPLICIT_RETAIN_SELF = YES;
				CLANG_WARN_OBJC_LITERAL_CONVERSION = YES;
				CLANG_WARN_OBJC_ROOT_CLASS = YES_ERROR;
				CLANG_WARN_QUOTED_INCLUDE_IN_FRAMEWORK_HEADER = YES;
				CLANG_WARN_RANGE_LOOP_ANALYSIS = YES;
				CLANG_WARN_STRICT_PROTOTYPES = YES;
				CLANG_WARN_SUSPICIOUS_MOVE = YES;
				CLANG_WARN_UNGUARDED_AVAILABILITY = YES_AGGRESSIVE;
				CLANG_WARN_UNREACHABLE_CODE = YES;
				CLANG_WARN__DUPLICATE_METHOD_MATCH = YES;
				COPY_PHASE_STRIP = NO;
				DEBUG_INFORMATION_FORMAT = "dwarf-with-dsym";
				ENABLE_NS_ASSERTIONS = NO;
				ENABLE_STRICT_OBJC_MSGSEND = YES;
				GCC_C_LANGUAGE_STANDARD = gnu11;
				GCC_NO_COMMON_BLOCKS = YES;
				GCC_WARN_64_TO_32_BIT_CONVERSION = YES;
				GCC_WARN_ABOUT_RETURN_TYPE = YES_ERROR;
				GCC_WARN_UNDECLARED_SELECTOR = YES;
				GCC_WARN_UNINITIALIZED_AUTOS = YES_AGGRESSIVE;
				GCC_WARN_UNUSED_FUNCTION = YES;
				GCC_WARN_UNUSED_VARIABLE = YES;
				IPHONEOS_DEPLOYMENT_TARGET = 15.5;
				MTL_ENABLE_DEBUG_INFO = NO;
				MTL_FAST_MATH = YES;
				SDKROOT = iphoneos;
				SWIFT_COMPILATION_MODE = wholemodule;
				SWIFT_OPTIMIZATION_LEVEL = "-O";
				VALIDATE_PRODUCT = YES;
			};
			name = Release;
		};
		A81700E328C885A5008C7FD1 /* Debug */ = {
			isa = XCBuildConfiguration;
			baseConfigurationReference = CF1433C05808CCA0B206460A /* Pods-AvitoTraineeTask.debug.xcconfig */;
			buildSettings = {
				ASSETCATALOG_COMPILER_APPICON_NAME = AppIcon;
				ASSETCATALOG_COMPILER_GLOBAL_ACCENT_COLOR_NAME = AccentColor;
				CODE_SIGN_STYLE = Automatic;
				CURRENT_PROJECT_VERSION = 1;
				DEVELOPMENT_TEAM = 9Y45VAY56A;
				GENERATE_INFOPLIST_FILE = YES;
				INFOPLIST_FILE = AvitoTraineeTask/Info.plist;
				INFOPLIST_KEY_UIApplicationSupportsIndirectInputEvents = YES;
				INFOPLIST_KEY_UILaunchStoryboardName = LaunchScreen;
				INFOPLIST_KEY_UISupportedInterfaceOrientations_iPad = "UIInterfaceOrientationPortrait UIInterfaceOrientationPortraitUpsideDown UIInterfaceOrientationLandscapeLeft UIInterfaceOrientationLandscapeRight";
				INFOPLIST_KEY_UISupportedInterfaceOrientations_iPhone = "UIInterfaceOrientationPortrait UIInterfaceOrientationLandscapeLeft UIInterfaceOrientationLandscapeRight";
				LD_RUNPATH_SEARCH_PATHS = (
					"$(inherited)",
					"@executable_path/Frameworks",
				);
				MARKETING_VERSION = 1.0;
				PRODUCT_BUNDLE_IDENTIFIER = AlexandraMatveeva.AvitoTraineeTask;
				PRODUCT_NAME = "$(TARGET_NAME)";
				SWIFT_EMIT_LOC_STRINGS = YES;
				SWIFT_VERSION = 5.0;
				TARGETED_DEVICE_FAMILY = "1,2";
			};
			name = Debug;
		};
		A81700E428C885A5008C7FD1 /* Release */ = {
			isa = XCBuildConfiguration;
			baseConfigurationReference = 4FD355D5373D4578240EF96F /* Pods-AvitoTraineeTask.release.xcconfig */;
			buildSettings = {
				ASSETCATALOG_COMPILER_APPICON_NAME = AppIcon;
				ASSETCATALOG_COMPILER_GLOBAL_ACCENT_COLOR_NAME = AccentColor;
				CODE_SIGN_STYLE = Automatic;
				CURRENT_PROJECT_VERSION = 1;
				DEVELOPMENT_TEAM = 9Y45VAY56A;
				GENERATE_INFOPLIST_FILE = YES;
				INFOPLIST_FILE = AvitoTraineeTask/Info.plist;
				INFOPLIST_KEY_UIApplicationSupportsIndirectInputEvents = YES;
				INFOPLIST_KEY_UILaunchStoryboardName = LaunchScreen;
				INFOPLIST_KEY_UISupportedInterfaceOrientations_iPad = "UIInterfaceOrientationPortrait UIInterfaceOrientationPortraitUpsideDown UIInterfaceOrientationLandscapeLeft UIInterfaceOrientationLandscapeRight";
				INFOPLIST_KEY_UISupportedInterfaceOrientations_iPhone = "UIInterfaceOrientationPortrait UIInterfaceOrientationLandscapeLeft UIInterfaceOrientationLandscapeRight";
				LD_RUNPATH_SEARCH_PATHS = (
					"$(inherited)",
					"@executable_path/Frameworks",
				);
				MARKETING_VERSION = 1.0;
				PRODUCT_BUNDLE_IDENTIFIER = AlexandraMatveeva.AvitoTraineeTask;
				PRODUCT_NAME = "$(TARGET_NAME)";
				SWIFT_EMIT_LOC_STRINGS = YES;
				SWIFT_VERSION = 5.0;
				TARGETED_DEVICE_FAMILY = "1,2";
			};
			name = Release;
		};
/* End XCBuildConfiguration section */

/* Begin XCConfigurationList section */
		A81700C928C885A2008C7FD1 /* Build configuration list for PBXProject "AvitoTraineeTask" */ = {
			isa = XCConfigurationList;
			buildConfigurations = (
				A81700E028C885A5008C7FD1 /* Debug */,
				A81700E128C885A5008C7FD1 /* Release */,
			);
			defaultConfigurationIsVisible = 0;
			defaultConfigurationName = Release;
		};
		A81700E228C885A5008C7FD1 /* Build configuration list for PBXNativeTarget "AvitoTraineeTask" */ = {
			isa = XCConfigurationList;
			buildConfigurations = (
				A81700E328C885A5008C7FD1 /* Debug */,
				A81700E428C885A5008C7FD1 /* Release */,
			);
			defaultConfigurationIsVisible = 0;
			defaultConfigurationName = Release;
		};
/* End XCConfigurationList section */
	};
	rootObject = A81700C628C885A2008C7FD1 /* Project object */;
}
